// !$*UTF8*$!
{
	archiveVersion = 1;
	classes = {
	};
	objectVersion = 46;
	objects = {

/* Begin PBXBuildFile section */
		83DD04D41EC5573E00C63378 /* main.m in Sources */ = {isa = PBXBuildFile; fileRef = 83DD04D31EC5573E00C63378 /* main.m */; };
		83DD04D71EC5573E00C63378 /* AppDelegate.m in Sources */ = {isa = PBXBuildFile; fileRef = 83DD04D61EC5573E00C63378 /* AppDelegate.m */; };
		83DD04DA1EC5573E00C63378 /* ViewController.m in Sources */ = {isa = PBXBuildFile; fileRef = 83DD04D91EC5573E00C63378 /* ViewController.m */; };
		83DD04DD1EC5573E00C63378 /* Main.storyboard in Resources */ = {isa = PBXBuildFile; fileRef = 83DD04DB1EC5573E00C63378 /* Main.storyboard */; };
		83DD04DF1EC5573E00C63378 /* Assets.xcassets in Resources */ = {isa = PBXBuildFile; fileRef = 83DD04DE1EC5573E00C63378 /* Assets.xcassets */; };
		83DD04E21EC5573E00C63378 /* LaunchScreen.storyboard in Resources */ = {isa = PBXBuildFile; fileRef = 83DD04E01EC5573E00C63378 /* LaunchScreen.storyboard */; };
		83DD04ED1EC5573E00C63378 /* OpenGLES_3_4____Tests.m in Sources */ = {isa = PBXBuildFile; fileRef = 83DD04EC1EC5573E00C63378 /* OpenGLES_3_4____Tests.m */; };
		83DD04F81EC5573E00C63378 /* OpenGLES_3_4____UITests.m in Sources */ = {isa = PBXBuildFile; fileRef = 83DD04F71EC5573E00C63378 /* OpenGLES_3_4____UITests.m */; };
		83DD05241EC5576400C63378 /* AGLKCollision.m in Sources */ = {isa = PBXBuildFile; fileRef = 83DD05081EC5576300C63378 /* AGLKCollision.m */; };
		83DD05251EC5576400C63378 /* AGLKContext.m in Sources */ = {isa = PBXBuildFile; fileRef = 83DD050A1EC5576300C63378 /* AGLKContext.m */; };
		83DD05261EC5576400C63378 /* AGLKFilters.m in Sources */ = {isa = PBXBuildFile; fileRef = 83DD050C1EC5576300C63378 /* AGLKFilters.m */; };
		83DD05271EC5576400C63378 /* AGLKFrustum.m in Sources */ = {isa = PBXBuildFile; fileRef = 83DD050E1EC5576300C63378 /* AGLKFrustum.m */; };
		83DD05281EC5576400C63378 /* AGLKPointParticleEffect.m in Sources */ = {isa = PBXBuildFile; fileRef = 83DD05101EC5576300C63378 /* AGLKPointParticleEffect.m */; };
		83DD05291EC5576400C63378 /* AGLKSkyboxEffect.m in Sources */ = {isa = PBXBuildFile; fileRef = 83DD05121EC5576300C63378 /* AGLKSkyboxEffect.m */; };
		83DD052A1EC5576400C63378 /* AGLKTextureLoader.m in Sources */ = {isa = PBXBuildFile; fileRef = 83DD05141EC5576300C63378 /* AGLKTextureLoader.m */; };
		83DD052B1EC5576400C63378 /* AGLKTextureTransformBaseEffect.m in Sources */ = {isa = PBXBuildFile; fileRef = 83DD05161EC5576300C63378 /* AGLKTextureTransformBaseEffect.m */; };
		83DD052C1EC5576400C63378 /* AGLKVertexAttribArrayBuffer.m in Sources */ = {isa = PBXBuildFile; fileRef = 83DD05181EC5576300C63378 /* AGLKVertexAttribArrayBuffer.m */; };
		83DD052D1EC5576400C63378 /* AGLKView.m in Sources */ = {isa = PBXBuildFile; fileRef = 83DD051A1EC5576300C63378 /* AGLKView.m */; };
		83DD052E1EC5576400C63378 /* AGLKViewController.m in Sources */ = {isa = PBXBuildFile; fileRef = 83DD051C1EC5576400C63378 /* AGLKViewController.m */; };
		83DD052F1EC5576400C63378 /* AGLKPointParticleShader.fsh in Resources */ = {isa = PBXBuildFile; fileRef = 83DD051E1EC5576400C63378 /* AGLKPointParticleShader.fsh */; };
		83DD05301EC5576400C63378 /* AGLKPointParticleShader.vsh in Resources */ = {isa = PBXBuildFile; fileRef = 83DD051F1EC5576400C63378 /* AGLKPointParticleShader.vsh */; };
		83DD05311EC5576400C63378 /* AGLKSkyboxShader.fsh in Resources */ = {isa = PBXBuildFile; fileRef = 83DD05201EC5576400C63378 /* AGLKSkyboxShader.fsh */; };
		83DD05321EC5576400C63378 /* AGLKSkyboxShader.vsh in Resources */ = {isa = PBXBuildFile; fileRef = 83DD05211EC5576400C63378 /* AGLKSkyboxShader.vsh */; };
		83DD05331EC5576400C63378 /* AGLKTextureMatrix2PointLightShader.fsh in Resources */ = {isa = PBXBuildFile; fileRef = 83DD05221EC5576400C63378 /* AGLKTextureMatrix2PointLightShader.fsh */; };
		83DD05341EC5576400C63378 /* AGLKTextureMatrix2PointLightShader.vsh in Resources */ = {isa = PBXBuildFile; fileRef = 83DD05231EC5576400C63378 /* AGLKTextureMatrix2PointLightShader.vsh */; };
		83DD05371EC55C2E00C63378 /* beetle.png in Resources */ = {isa = PBXBuildFile; fileRef = 83DD05351EC55C2E00C63378 /* beetle.png */; };
		83DD05381EC55C2E00C63378 /* leaves.gif in Resources */ = {isa = PBXBuildFile; fileRef = 83DD05361EC55C2E00C63378 /* leaves.gif */; };
		83DD053C1EC58D9900C63378 /* testVer.png in Resources */ = {isa = PBXBuildFile; fileRef = 83DD053B1EC58D9900C63378 /* testVer.png */; };
/* End PBXBuildFile section */

/* Begin PBXContainerItemProxy section */
		83DD04E91EC5573E00C63378 /* PBXContainerItemProxy */ = {
			isa = PBXContainerItemProxy;
			containerPortal = 83DD04C71EC5573E00C63378 /* Project object */;
			proxyType = 1;
			remoteGlobalIDString = 83DD04CE1EC5573E00C63378;
			remoteInfo = "OpenGLES 3.4多重纹理";
		};
		83DD04F41EC5573E00C63378 /* PBXContainerItemProxy */ = {
			isa = PBXContainerItemProxy;
			containerPortal = 83DD04C71EC5573E00C63378 /* Project object */;
			proxyType = 1;
			remoteGlobalIDString = 83DD04CE1EC5573E00C63378;
			remoteInfo = "OpenGLES 3.4多重纹理";
		};
/* End PBXContainerItemProxy section */

/* Begin PBXFileReference section */
		83DD04CF1EC5573E00C63378 /* OpenGLES 3.4多重纹理.app */ = {isa = PBXFileReference; explicitFileType = wrapper.application; includeInIndex = 0; path = "OpenGLES 3.4多重纹理.app"; sourceTree = BUILT_PRODUCTS_DIR; };
		83DD04D31EC5573E00C63378 /* main.m */ = {isa = PBXFileReference; lastKnownFileType = sourcecode.c.objc; path = main.m; sourceTree = "<group>"; };
		83DD04D51EC5573E00C63378 /* AppDelegate.h */ = {isa = PBXFileReference; lastKnownFileType = sourcecode.c.h; path = AppDelegate.h; sourceTree = "<group>"; };
		83DD04D61EC5573E00C63378 /* AppDelegate.m */ = {isa = PBXFileReference; lastKnownFileType = sourcecode.c.objc; path = AppDelegate.m; sourceTree = "<group>"; };
		83DD04D81EC5573E00C63378 /* ViewController.h */ = {isa = PBXFileReference; lastKnownFileType = sourcecode.c.h; path = ViewController.h; sourceTree = "<group>"; };
		83DD04D91EC5573E00C63378 /* ViewController.m */ = {isa = PBXFileReference; lastKnownFileType = sourcecode.c.objc; path = ViewController.m; sourceTree = "<group>"; };
		83DD04DC1EC5573E00C63378 /* Base */ = {isa = PBXFileReference; lastKnownFileType = file.storyboard; name = Base; path = Base.lproj/Main.storyboard; sourceTree = "<group>"; };
		83DD04DE1EC5573E00C63378 /* Assets.xcassets */ = {isa = PBXFileReference; lastKnownFileType = folder.assetcatalog; path = Assets.xcassets; sourceTree = "<group>"; };
		83DD04E11EC5573E00C63378 /* Base */ = {isa = PBXFileReference; lastKnownFileType = file.storyboard; name = Base; path = Base.lproj/LaunchScreen.storyboard; sourceTree = "<group>"; };
		83DD04E31EC5573E00C63378 /* Info.plist */ = {isa = PBXFileReference; lastKnownFileType = text.plist.xml; path = Info.plist; sourceTree = "<group>"; };
		83DD04E81EC5573E00C63378 /* OpenGLES 3.4多重纹理Tests.xctest */ = {isa = PBXFileReference; explicitFileType = wrapper.cfbundle; includeInIndex = 0; path = "OpenGLES 3.4多重纹理Tests.xctest"; sourceTree = BUILT_PRODUCTS_DIR; };
		83DD04EC1EC5573E00C63378 /* OpenGLES_3_4____Tests.m */ = {isa = PBXFileReference; lastKnownFileType = sourcecode.c.objc; path = "OpenGLES_3_4____Tests.m"; sourceTree = "<group>"; };
		83DD04EE1EC5573E00C63378 /* Info.plist */ = {isa = PBXFileReference; lastKnownFileType = text.plist.xml; path = Info.plist; sourceTree = "<group>"; };
		83DD04F31EC5573E00C63378 /* OpenGLES 3.4多重纹理UITests.xctest */ = {isa = PBXFileReference; explicitFileType = wrapper.cfbundle; includeInIndex = 0; path = "OpenGLES 3.4多重纹理UITests.xctest"; sourceTree = BUILT_PRODUCTS_DIR; };
		83DD04F71EC5573E00C63378 /* OpenGLES_3_4____UITests.m */ = {isa = PBXFileReference; lastKnownFileType = sourcecode.c.objc; path = "OpenGLES_3_4____UITests.m"; sourceTree = "<group>"; };
		83DD04F91EC5573E00C63378 /* Info.plist */ = {isa = PBXFileReference; lastKnownFileType = text.plist.xml; path = Info.plist; sourceTree = "<group>"; };
		83DD05061EC5576300C63378 /* AGLKAxisAllignedBoundingBox.h */ = {isa = PBXFileReference; fileEncoding = 4; lastKnownFileType = sourcecode.c.h; path = AGLKAxisAllignedBoundingBox.h; sourceTree = "<group>"; };
		83DD05071EC5576300C63378 /* AGLKCollision.h */ = {isa = PBXFileReference; fileEncoding = 4; lastKnownFileType = sourcecode.c.h; path = AGLKCollision.h; sourceTree = "<group>"; };
		83DD05081EC5576300C63378 /* AGLKCollision.m */ = {isa = PBXFileReference; fileEncoding = 4; lastKnownFileType = sourcecode.c.objc; path = AGLKCollision.m; sourceTree = "<group>"; };
		83DD05091EC5576300C63378 /* AGLKContext.h */ = {isa = PBXFileReference; fileEncoding = 4; lastKnownFileType = sourcecode.c.h; path = AGLKContext.h; sourceTree = "<group>"; };
		83DD050A1EC5576300C63378 /* AGLKContext.m */ = {isa = PBXFileReference; fileEncoding = 4; lastKnownFileType = sourcecode.c.objc; path = AGLKContext.m; sourceTree = "<group>"; };
		83DD050B1EC5576300C63378 /* AGLKFilters.h */ = {isa = PBXFileReference; fileEncoding = 4; lastKnownFileType = sourcecode.c.h; path = AGLKFilters.h; sourceTree = "<group>"; };
		83DD050C1EC5576300C63378 /* AGLKFilters.m */ = {isa = PBXFileReference; fileEncoding = 4; lastKnownFileType = sourcecode.c.objc; path = AGLKFilters.m; sourceTree = "<group>"; };
		83DD050D1EC5576300C63378 /* AGLKFrustum.h */ = {isa = PBXFileReference; fileEncoding = 4; lastKnownFileType = sourcecode.c.h; path = AGLKFrustum.h; sourceTree = "<group>"; };
		83DD050E1EC5576300C63378 /* AGLKFrustum.m */ = {isa = PBXFileReference; fileEncoding = 4; lastKnownFileType = sourcecode.c.objc; path = AGLKFrustum.m; sourceTree = "<group>"; };
		83DD050F1EC5576300C63378 /* AGLKPointParticleEffect.h */ = {isa = PBXFileReference; fileEncoding = 4; lastKnownFileType = sourcecode.c.h; path = AGLKPointParticleEffect.h; sourceTree = "<group>"; };
		83DD05101EC5576300C63378 /* AGLKPointParticleEffect.m */ = {isa = PBXFileReference; fileEncoding = 4; lastKnownFileType = sourcecode.c.objc; path = AGLKPointParticleEffect.m; sourceTree = "<group>"; };
		83DD05111EC5576300C63378 /* AGLKSkyboxEffect.h */ = {isa = PBXFileReference; fileEncoding = 4; lastKnownFileType = sourcecode.c.h; path = AGLKSkyboxEffect.h; sourceTree = "<group>"; };
		83DD05121EC5576300C63378 /* AGLKSkyboxEffect.m */ = {isa = PBXFileReference; fileEncoding = 4; lastKnownFileType = sourcecode.c.objc; path = AGLKSkyboxEffect.m; sourceTree = "<group>"; };
		83DD05131EC5576300C63378 /* AGLKTextureLoader.h */ = {isa = PBXFileReference; fileEncoding = 4; lastKnownFileType = sourcecode.c.h; path = AGLKTextureLoader.h; sourceTree = "<group>"; };
		83DD05141EC5576300C63378 /* AGLKTextureLoader.m */ = {isa = PBXFileReference; fileEncoding = 4; lastKnownFileType = sourcecode.c.objc; path = AGLKTextureLoader.m; sourceTree = "<group>"; };
		83DD05151EC5576300C63378 /* AGLKTextureTransformBaseEffect.h */ = {isa = PBXFileReference; fileEncoding = 4; lastKnownFileType = sourcecode.c.h; path = AGLKTextureTransformBaseEffect.h; sourceTree = "<group>"; };
		83DD05161EC5576300C63378 /* AGLKTextureTransformBaseEffect.m */ = {isa = PBXFileReference; fileEncoding = 4; lastKnownFileType = sourcecode.c.objc; path = AGLKTextureTransformBaseEffect.m; sourceTree = "<group>"; };
		83DD05171EC5576300C63378 /* AGLKVertexAttribArrayBuffer.h */ = {isa = PBXFileReference; fileEncoding = 4; lastKnownFileType = sourcecode.c.h; path = AGLKVertexAttribArrayBuffer.h; sourceTree = "<group>"; };
		83DD05181EC5576300C63378 /* AGLKVertexAttribArrayBuffer.m */ = {isa = PBXFileReference; fileEncoding = 4; lastKnownFileType = sourcecode.c.objc; path = AGLKVertexAttribArrayBuffer.m; sourceTree = "<group>"; };
		83DD05191EC5576300C63378 /* AGLKView.h */ = {isa = PBXFileReference; fileEncoding = 4; lastKnownFileType = sourcecode.c.h; path = AGLKView.h; sourceTree = "<group>"; };
		83DD051A1EC5576300C63378 /* AGLKView.m */ = {isa = PBXFileReference; fileEncoding = 4; lastKnownFileType = sourcecode.c.objc; path = AGLKView.m; sourceTree = "<group>"; };
		83DD051B1EC5576400C63378 /* AGLKViewController.h */ = {isa = PBXFileReference; fileEncoding = 4; lastKnownFileType = sourcecode.c.h; path = AGLKViewController.h; sourceTree = "<group>"; };
		83DD051C1EC5576400C63378 /* AGLKViewController.m */ = {isa = PBXFileReference; fileEncoding = 4; lastKnownFileType = sourcecode.c.objc; path = AGLKViewController.m; sourceTree = "<group>"; };
		83DD051E1EC5576400C63378 /* AGLKPointParticleShader.fsh */ = {isa = PBXFileReference; fileEncoding = 4; lastKnownFileType = sourcecode.glsl; path = AGLKPointParticleShader.fsh; sourceTree = "<group>"; };
		83DD051F1EC5576400C63378 /* AGLKPointParticleShader.vsh */ = {isa = PBXFileReference; fileEncoding = 4; lastKnownFileType = sourcecode.glsl; path = AGLKPointParticleShader.vsh; sourceTree = "<group>"; };
		83DD05201EC5576400C63378 /* AGLKSkyboxShader.fsh */ = {isa = PBXFileReference; fileEncoding = 4; lastKnownFileType = sourcecode.glsl; path = AGLKSkyboxShader.fsh; sourceTree = "<group>"; };
		83DD05211EC5576400C63378 /* AGLKSkyboxShader.vsh */ = {isa = PBXFileReference; fileEncoding = 4; lastKnownFileType = sourcecode.glsl; path = AGLKSkyboxShader.vsh; sourceTree = "<group>"; };
		83DD05221EC5576400C63378 /* AGLKTextureMatrix2PointLightShader.fsh */ = {isa = PBXFileReference; fileEncoding = 4; lastKnownFileType = sourcecode.glsl; path = AGLKTextureMatrix2PointLightShader.fsh; sourceTree = "<group>"; };
		83DD05231EC5576400C63378 /* AGLKTextureMatrix2PointLightShader.vsh */ = {isa = PBXFileReference; fileEncoding = 4; lastKnownFileType = sourcecode.glsl; path = AGLKTextureMatrix2PointLightShader.vsh; sourceTree = "<group>"; };
		83DD05351EC55C2E00C63378 /* beetle.png */ = {isa = PBXFileReference; lastKnownFileType = image.png; path = beetle.png; sourceTree = "<group>"; };
		83DD05361EC55C2E00C63378 /* leaves.gif */ = {isa = PBXFileReference; lastKnownFileType = image.gif; path = leaves.gif; sourceTree = "<group>"; };
		83DD053B1EC58D9900C63378 /* testVer.png */ = {isa = PBXFileReference; lastKnownFileType = image.png; path = testVer.png; sourceTree = "<group>"; };
/* End PBXFileReference section */

/* Begin PBXFrameworksBuildPhase section */
		83DD04CC1EC5573E00C63378 /* Frameworks */ = {
			isa = PBXFrameworksBuildPhase;
			buildActionMask = 2147483647;
			files = (
			);
			runOnlyForDeploymentPostprocessing = 0;
		};
		83DD04E51EC5573E00C63378 /* Frameworks */ = {
			isa = PBXFrameworksBuildPhase;
			buildActionMask = 2147483647;
			files = (
			);
			runOnlyForDeploymentPostprocessing = 0;
		};
		83DD04F01EC5573E00C63378 /* Frameworks */ = {
			isa = PBXFrameworksBuildPhase;
			buildActionMask = 2147483647;
			files = (
			);
			runOnlyForDeploymentPostprocessing = 0;
		};
/* End PBXFrameworksBuildPhase section */

/* Begin PBXGroup section */
		83DD04C61EC5573E00C63378 = {
			isa = PBXGroup;
			children = (
				83DD04D11EC5573E00C63378 /* OpenGLES 3.4多重纹理 */,
				83DD04EB1EC5573E00C63378 /* OpenGLES 3.4多重纹理Tests */,
				83DD04F61EC5573E00C63378 /* OpenGLES 3.4多重纹理UITests */,
				83DD04D01EC5573E00C63378 /* Products */,
			);
			sourceTree = "<group>";
		};
		83DD04D01EC5573E00C63378 /* Products */ = {
			isa = PBXGroup;
			children = (
				83DD04CF1EC5573E00C63378 /* OpenGLES 3.4多重纹理.app */,
				83DD04E81EC5573E00C63378 /* OpenGLES 3.4多重纹理Tests.xctest */,
				83DD04F31EC5573E00C63378 /* OpenGLES 3.4多重纹理UITests.xctest */,
			);
			name = Products;
			sourceTree = "<group>";
		};
		83DD04D11EC5573E00C63378 /* OpenGLES 3.4多重纹理 */ = {
			isa = PBXGroup;
			children = (
				83DD05051EC5576300C63378 /* AGLKit */,
				83DD04D51EC5573E00C63378 /* AppDelegate.h */,
				83DD04D61EC5573E00C63378 /* AppDelegate.m */,
				83DD04D81EC5573E00C63378 /* ViewController.h */,
				83DD04D91EC5573E00C63378 /* ViewController.m */,
				83DD04DB1EC5573E00C63378 /* Main.storyboard */,
				83DD04DE1EC5573E00C63378 /* Assets.xcassets */,
				83DD04E01EC5573E00C63378 /* LaunchScreen.storyboard */,
				83DD04E31EC5573E00C63378 /* Info.plist */,
				83DD04D21EC5573E00C63378 /* Supporting Files */,
			);
			path = "OpenGLES 3.4多重纹理";
			sourceTree = "<group>";
		};
		83DD04D21EC5573E00C63378 /* Supporting Files */ = {
			isa = PBXGroup;
			children = (
				83DD053B1EC58D9900C63378 /* testVer.png */,
				83DD05351EC55C2E00C63378 /* beetle.png */,
				83DD05361EC55C2E00C63378 /* leaves.gif */,
				83DD04D31EC5573E00C63378 /* main.m */,
			);
			name = "Supporting Files";
			sourceTree = "<group>";
		};
		83DD04EB1EC5573E00C63378 /* OpenGLES 3.4多重纹理Tests */ = {
			isa = PBXGroup;
			children = (
				83DD04EC1EC5573E00C63378 /* OpenGLES_3_4____Tests.m */,
				83DD04EE1EC5573E00C63378 /* Info.plist */,
			);
			path = "OpenGLES 3.4多重纹理Tests";
			sourceTree = "<group>";
		};
		83DD04F61EC5573E00C63378 /* OpenGLES 3.4多重纹理UITests */ = {
			isa = PBXGroup;
			children = (
				83DD04F71EC5573E00C63378 /* OpenGLES_3_4____UITests.m */,
				83DD04F91EC5573E00C63378 /* Info.plist */,
			);
			path = "OpenGLES 3.4多重纹理UITests";
			sourceTree = "<group>";
		};
		83DD05051EC5576300C63378 /* AGLKit */ = {
			isa = PBXGroup;
			children = (
				83DD05061EC5576300C63378 /* AGLKAxisAllignedBoundingBox.h */,
				83DD05071EC5576300C63378 /* AGLKCollision.h */,
				83DD05081EC5576300C63378 /* AGLKCollision.m */,
				83DD05091EC5576300C63378 /* AGLKContext.h */,
				83DD050A1EC5576300C63378 /* AGLKContext.m */,
				83DD050B1EC5576300C63378 /* AGLKFilters.h */,
				83DD050C1EC5576300C63378 /* AGLKFilters.m */,
				83DD050D1EC5576300C63378 /* AGLKFrustum.h */,
				83DD050E1EC5576300C63378 /* AGLKFrustum.m */,
				83DD050F1EC5576300C63378 /* AGLKPointParticleEffect.h */,
				83DD05101EC5576300C63378 /* AGLKPointParticleEffect.m */,
				83DD05111EC5576300C63378 /* AGLKSkyboxEffect.h */,
				83DD05121EC5576300C63378 /* AGLKSkyboxEffect.m */,
				83DD05131EC5576300C63378 /* AGLKTextureLoader.h */,
				83DD05141EC5576300C63378 /* AGLKTextureLoader.m */,
				83DD05151EC5576300C63378 /* AGLKTextureTransformBaseEffect.h */,
				83DD05161EC5576300C63378 /* AGLKTextureTransformBaseEffect.m */,
				83DD05171EC5576300C63378 /* AGLKVertexAttribArrayBuffer.h */,
				83DD05181EC5576300C63378 /* AGLKVertexAttribArrayBuffer.m */,
				83DD05191EC5576300C63378 /* AGLKView.h */,
				83DD051A1EC5576300C63378 /* AGLKView.m */,
				83DD051B1EC5576400C63378 /* AGLKViewController.h */,
				83DD051C1EC5576400C63378 /* AGLKViewController.m */,
				83DD051D1EC5576400C63378 /* Shaders */,
			);
			path = AGLKit;
			sourceTree = "<group>";
		};
		83DD051D1EC5576400C63378 /* Shaders */ = {
			isa = PBXGroup;
			children = (
				83DD051E1EC5576400C63378 /* AGLKPointParticleShader.fsh */,
				83DD051F1EC5576400C63378 /* AGLKPointParticleShader.vsh */,
				83DD05201EC5576400C63378 /* AGLKSkyboxShader.fsh */,
				83DD05211EC5576400C63378 /* AGLKSkyboxShader.vsh */,
				83DD05221EC5576400C63378 /* AGLKTextureMatrix2PointLightShader.fsh */,
				83DD05231EC5576400C63378 /* AGLKTextureMatrix2PointLightShader.vsh */,
			);
			path = Shaders;
			sourceTree = "<group>";
		};
/* End PBXGroup section */

/* Begin PBXNativeTarget section */
		83DD04CE1EC5573E00C63378 /* OpenGLES 3.4多重纹理 */ = {
			isa = PBXNativeTarget;
			buildConfigurationList = 83DD04FC1EC5573E00C63378 /* Build configuration list for PBXNativeTarget "OpenGLES 3.4多重纹理" */;
			buildPhases = (
				83DD04CB1EC5573E00C63378 /* Sources */,
				83DD04CC1EC5573E00C63378 /* Frameworks */,
				83DD04CD1EC5573E00C63378 /* Resources */,
			);
			buildRules = (
			);
			dependencies = (
			);
			name = "OpenGLES 3.4多重纹理";
			productName = "OpenGLES 3.4多重纹理";
			productReference = 83DD04CF1EC5573E00C63378 /* OpenGLES 3.4多重纹理.app */;
			productType = "com.apple.product-type.application";
		};
		83DD04E71EC5573E00C63378 /* OpenGLES 3.4多重纹理Tests */ = {
			isa = PBXNativeTarget;
			buildConfigurationList = 83DD04FF1EC5573E00C63378 /* Build configuration list for PBXNativeTarget "OpenGLES 3.4多重纹理Tests" */;
			buildPhases = (
				83DD04E41EC5573E00C63378 /* Sources */,
				83DD04E51EC5573E00C63378 /* Frameworks */,
				83DD04E61EC5573E00C63378 /* Resources */,
			);
			buildRules = (
			);
			dependencies = (
				83DD04EA1EC5573E00C63378 /* PBXTargetDependency */,
			);
			name = "OpenGLES 3.4多重纹理Tests";
			productName = "OpenGLES 3.4多重纹理Tests";
			productReference = 83DD04E81EC5573E00C63378 /* OpenGLES 3.4多重纹理Tests.xctest */;
			productType = "com.apple.product-type.bundle.unit-test";
		};
		83DD04F21EC5573E00C63378 /* OpenGLES 3.4多重纹理UITests */ = {
			isa = PBXNativeTarget;
			buildConfigurationList = 83DD05021EC5573E00C63378 /* Build configuration list for PBXNativeTarget "OpenGLES 3.4多重纹理UITests" */;
			buildPhases = (
				83DD04EF1EC5573E00C63378 /* Sources */,
				83DD04F01EC5573E00C63378 /* Frameworks */,
				83DD04F11EC5573E00C63378 /* Resources */,
			);
			buildRules = (
			);
			dependencies = (
				83DD04F51EC5573E00C63378 /* PBXTargetDependency */,
			);
			name = "OpenGLES 3.4多重纹理UITests";
			productName = "OpenGLES 3.4多重纹理UITests";
			productReference = 83DD04F31EC5573E00C63378 /* OpenGLES 3.4多重纹理UITests.xctest */;
			productType = "com.apple.product-type.bundle.ui-testing";
		};
/* End PBXNativeTarget section */

/* Begin PBXProject section */
		83DD04C71EC5573E00C63378 /* Project object */ = {
			isa = PBXProject;
			attributes = {
				LastUpgradeCheck = 0830;
				ORGANIZATIONNAME = ShiWen;
				TargetAttributes = {
					83DD04CE1EC5573E00C63378 = {
						CreatedOnToolsVersion = 8.3.2;
						ProvisioningStyle = Automatic;
					};
					83DD04E71EC5573E00C63378 = {
						CreatedOnToolsVersion = 8.3.2;
						ProvisioningStyle = Automatic;
						TestTargetID = 83DD04CE1EC5573E00C63378;
					};
					83DD04F21EC5573E00C63378 = {
						CreatedOnToolsVersion = 8.3.2;
						ProvisioningStyle = Automatic;
						TestTargetID = 83DD04CE1EC5573E00C63378;
					};
				};
			};
			buildConfigurationList = 83DD04CA1EC5573E00C63378 /* Build configuration list for PBXProject "OpenGLES 3.4多重纹理" */;
			compatibilityVersion = "Xcode 3.2";
			developmentRegion = English;
			hasScannedForEncodings = 0;
			knownRegions = (
				en,
				Base,
			);
			mainGroup = 83DD04C61EC5573E00C63378;
			productRefGroup = 83DD04D01EC5573E00C63378 /* Products */;
			projectDirPath = "";
			projectRoot = "";
			targets = (
				83DD04CE1EC5573E00C63378 /* OpenGLES 3.4多重纹理 */,
				83DD04E71EC5573E00C63378 /* OpenGLES 3.4多重纹理Tests */,
				83DD04F21EC5573E00C63378 /* OpenGLES 3.4多重纹理UITests */,
			);
		};
/* End PBXProject section */

/* Begin PBXResourcesBuildPhase section */
		83DD04CD1EC5573E00C63378 /* Resources */ = {
			isa = PBXResourcesBuildPhase;
			buildActionMask = 2147483647;
			files = (
				83DD04E21EC5573E00C63378 /* LaunchScreen.storyboard in Resources */,
				83DD04DF1EC5573E00C63378 /* Assets.xcassets in Resources */,
				83DD052F1EC5576400C63378 /* AGLKPointParticleShader.fsh in Resources */,
				83DD05311EC5576400C63378 /* AGLKSkyboxShader.fsh in Resources */,
				83DD05371EC55C2E00C63378 /* beetle.png in Resources */,
				83DD05321EC5576400C63378 /* AGLKSkyboxShader.vsh in Resources */,
				83DD05331EC5576400C63378 /* AGLKTextureMatrix2PointLightShader.fsh in Resources */,
				83DD05381EC55C2E00C63378 /* leaves.gif in Resources */,
				83DD04DD1EC5573E00C63378 /* Main.storyboard in Resources */,
				83DD053C1EC58D9900C63378 /* testVer.png in Resources */,
				83DD05341EC5576400C63378 /* AGLKTextureMatrix2PointLightShader.vsh in Resources */,
				83DD05301EC5576400C63378 /* AGLKPointParticleShader.vsh in Resources */,
			);
			runOnlyForDeploymentPostprocessing = 0;
		};
		83DD04E61EC5573E00C63378 /* Resources */ = {
			isa = PBXResourcesBuildPhase;
			buildActionMask = 2147483647;
			files = (
			);
			runOnlyForDeploymentPostprocessing = 0;
		};
		83DD04F11EC5573E00C63378 /* Resources */ = {
			isa = PBXResourcesBuildPhase;
			buildActionMask = 2147483647;
			files = (
			);
			runOnlyForDeploymentPostprocessing = 0;
		};
/* End PBXResourcesBuildPhase section */

/* Begin PBXSourcesBuildPhase section */
		83DD04CB1EC5573E00C63378 /* Sources */ = {
			isa = PBXSourcesBuildPhase;
			buildActionMask = 2147483647;
			files = (
				83DD052C1EC5576400C63378 /* AGLKVertexAttribArrayBuffer.m in Sources */,
				83DD05291EC5576400C63378 /* AGLKSkyboxEffect.m in Sources */,
				83DD052A1EC5576400C63378 /* AGLKTextureLoader.m in Sources */,
				83DD05251EC5576400C63378 /* AGLKContext.m in Sources */,
				83DD04DA1EC5573E00C63378 /* ViewController.m in Sources */,
				83DD05241EC5576400C63378 /* AGLKCollision.m in Sources */,
				83DD04D71EC5573E00C63378 /* AppDelegate.m in Sources */,
				83DD05271EC5576400C63378 /* AGLKFrustum.m in Sources */,
				83DD05261EC5576400C63378 /* AGLKFilters.m in Sources */,
				83DD052B1EC5576400C63378 /* AGLKTextureTransformBaseEffect.m in Sources */,
				83DD05281EC5576400C63378 /* AGLKPointParticleEffect.m in Sources */,
				83DD04D41EC5573E00C63378 /* main.m in Sources */,
				83DD052D1EC5576400C63378 /* AGLKView.m in Sources */,
				83DD052E1EC5576400C63378 /* AGLKViewController.m in Sources */,
			);
			runOnlyForDeploymentPostprocessing = 0;
		};
		83DD04E41EC5573E00C63378 /* Sources */ = {
			isa = PBXSourcesBuildPhase;
			buildActionMask = 2147483647;
			files = (
				83DD04ED1EC5573E00C63378 /* OpenGLES_3_4____Tests.m in Sources */,
			);
			runOnlyForDeploymentPostprocessing = 0;
		};
		83DD04EF1EC5573E00C63378 /* Sources */ = {
			isa = PBXSourcesBuildPhase;
			buildActionMask = 2147483647;
			files = (
				83DD04F81EC5573E00C63378 /* OpenGLES_3_4____UITests.m in Sources */,
			);
			runOnlyForDeploymentPostprocessing = 0;
		};
/* End PBXSourcesBuildPhase section */

/* Begin PBXTargetDependency section */
		83DD04EA1EC5573E00C63378 /* PBXTargetDependency */ = {
			isa = PBXTargetDependency;
			target = 83DD04CE1EC5573E00C63378 /* OpenGLES 3.4多重纹理 */;
			targetProxy = 83DD04E91EC5573E00C63378 /* PBXContainerItemProxy */;
		};
		83DD04F51EC5573E00C63378 /* PBXTargetDependency */ = {
			isa = PBXTargetDependency;
			target = 83DD04CE1EC5573E00C63378 /* OpenGLES 3.4多重纹理 */;
			targetProxy = 83DD04F41EC5573E00C63378 /* PBXContainerItemProxy */;
		};
/* End PBXTargetDependency section */

/* Begin PBXVariantGroup section */
		83DD04DB1EC5573E00C63378 /* Main.storyboard */ = {
			isa = PBXVariantGroup;
			children = (
				83DD04DC1EC5573E00C63378 /* Base */,
			);
			name = Main.storyboard;
			sourceTree = "<group>";
		};
		83DD04E01EC5573E00C63378 /* LaunchScreen.storyboard */ = {
			isa = PBXVariantGroup;
			children = (
				83DD04E11EC5573E00C63378 /* Base */,
			);
			name = LaunchScreen.storyboard;
			sourceTree = "<group>";
		};
/* End PBXVariantGroup section */

/* Begin XCBuildConfiguration section */
		83DD04FA1EC5573E00C63378 /* Debug */ = {
			isa = XCBuildConfiguration;
			buildSettings = {
				ALWAYS_SEARCH_USER_PATHS = NO;
				CLANG_ANALYZER_NONNULL = YES;
				CLANG_ANALYZER_NUMBER_OBJECT_CONVERSION = YES_AGGRESSIVE;
				CLANG_CXX_LANGUAGE_STANDARD = "gnu++0x";
				CLANG_CXX_LIBRARY = "libc++";
				CLANG_ENABLE_MODULES = YES;
				CLANG_ENABLE_OBJC_ARC = YES;
				CLANG_WARN_BOOL_CONVERSION = YES;
				CLANG_WARN_CONSTANT_CONVERSION = YES;
				CLANG_WARN_DIRECT_OBJC_ISA_USAGE = YES_ERROR;
				CLANG_WARN_DOCUMENTATION_COMMENTS = YES;
				CLANG_WARN_EMPTY_BODY = YES;
				CLANG_WARN_ENUM_CONVERSION = YES;
				CLANG_WARN_INFINITE_RECURSION = YES;
				CLANG_WARN_INT_CONVERSION = YES;
				CLANG_WARN_OBJC_ROOT_CLASS = YES_ERROR;
				CLANG_WARN_SUSPICIOUS_MOVE = YES;
				CLANG_WARN_UNREACHABLE_CODE = YES;
				CLANG_WARN__DUPLICATE_METHOD_MATCH = YES;
				"CODE_SIGN_IDENTITY[sdk=iphoneos*]" = "iPhone Developer";
				COPY_PHASE_STRIP = NO;
				DEBUG_INFORMATION_FORMAT = dwarf;
				ENABLE_STRICT_OBJC_MSGSEND = YES;
				ENABLE_TESTABILITY = YES;
				GCC_C_LANGUAGE_STANDARD = gnu99;
				GCC_DYNAMIC_NO_PIC = NO;
				GCC_NO_COMMON_BLOCKS = YES;
				GCC_OPTIMIZATION_LEVEL = 0;
				GCC_PREPROCESSOR_DEFINITIONS = (
					"DEBUG=1",
					"$(inherited)",
				);
				GCC_WARN_64_TO_32_BIT_CONVERSION = YES;
				GCC_WARN_ABOUT_RETURN_TYPE = YES_ERROR;
				GCC_WARN_UNDECLARED_SELECTOR = YES;
				GCC_WARN_UNINITIALIZED_AUTOS = YES_AGGRESSIVE;
				GCC_WARN_UNUSED_FUNCTION = YES;
				GCC_WARN_UNUSED_VARIABLE = YES;
				IPHONEOS_DEPLOYMENT_TARGET = 10.3;
				MTL_ENABLE_DEBUG_INFO = YES;
				ONLY_ACTIVE_ARCH = YES;
				SDKROOT = iphoneos;
			};
			name = Debug;
		};
		83DD04FB1EC5573E00C63378 /* Release */ = {
			isa = XCBuildConfiguration;
			buildSettings = {
				ALWAYS_SEARCH_USER_PATHS = NO;
				CLANG_ANALYZER_NONNULL = YES;
				CLANG_ANALYZER_NUMBER_OBJECT_CONVERSION = YES_AGGRESSIVE;
				CLANG_CXX_LANGUAGE_STANDARD = "gnu++0x";
				CLANG_CXX_LIBRARY = "libc++";
				CLANG_ENABLE_MODULES = YES;
				CLANG_ENABLE_OBJC_ARC = YES;
				CLANG_WARN_BOOL_CONVERSION = YES;
				CLANG_WARN_CONSTANT_CONVERSION = YES;
				CLANG_WARN_DIRECT_OBJC_ISA_USAGE = YES_ERROR;
				CLANG_WARN_DOCUMENTATION_COMMENTS = YES;
				CLANG_WARN_EMPTY_BODY = YES;
				CLANG_WARN_ENUM_CONVERSION = YES;
				CLANG_WARN_INFINITE_RECURSION = YES;
				CLANG_WARN_INT_CONVERSION = YES;
				CLANG_WARN_OBJC_ROOT_CLASS = YES_ERROR;
				CLANG_WARN_SUSPICIOUS_MOVE = YES;
				CLANG_WARN_UNREACHABLE_CODE = YES;
				CLANG_WARN__DUPLICATE_METHOD_MATCH = YES;
				"CODE_SIGN_IDENTITY[sdk=iphoneos*]" = "iPhone Developer";
				COPY_PHASE_STRIP = NO;
				DEBUG_INFORMATION_FORMAT = "dwarf-with-dsym";
				ENABLE_NS_ASSERTIONS = NO;
				ENABLE_STRICT_OBJC_MSGSEND = YES;
				GCC_C_LANGUAGE_STANDARD = gnu99;
				GCC_NO_COMMON_BLOCKS = YES;
				GCC_WARN_64_TO_32_BIT_CONVERSION = YES;
				GCC_WARN_ABOUT_RETURN_TYPE = YES_ERROR;
				GCC_WARN_UNDECLARED_SELECTOR = YES;
				GCC_WARN_UNINITIALIZED_AUTOS = YES_AGGRESSIVE;
				GCC_WARN_UNUSED_FUNCTION = YES;
				GCC_WARN_UNUSED_VARIABLE = YES;
				IPHONEOS_DEPLOYMENT_TARGET = 10.3;
				MTL_ENABLE_DEBUG_INFO = NO;
				SDKROOT = iphoneos;
				VALIDATE_PRODUCT = YES;
			};
			name = Release;
		};
		83DD04FD1EC5573E00C63378 /* Debug */ = {
			isa = XCBuildConfiguration;
			buildSettings = {
				ASSETCATALOG_COMPILER_APPICON_NAME = AppIcon;
				INFOPLIST_FILE = "OpenGLES 3.4多重纹理/Info.plist";
				LD_RUNPATH_SEARCH_PATHS = "$(inherited) @executable_path/Frameworks";
				PRODUCT_BUNDLE_IDENTIFIER = "com.ShiWenChen.com.OpenGLES-3-4----";
				PRODUCT_NAME = "$(TARGET_NAME)";
			};
			name = Debug;
		};
		83DD04FE1EC5573E00C63378 /* Release */ = {
			isa = XCBuildConfiguration;
			buildSettings = {
				ASSETCATALOG_COMPILER_APPICON_NAME = AppIcon;
				INFOPLIST_FILE = "OpenGLES 3.4多重纹理/Info.plist";
				LD_RUNPATH_SEARCH_PATHS = "$(inherited) @executable_path/Frameworks";
				PRODUCT_BUNDLE_IDENTIFIER = "com.ShiWenChen.com.OpenGLES-3-4----";
				PRODUCT_NAME = "$(TARGET_NAME)";
			};
			name = Release;
		};
		83DD05001EC5573E00C63378 /* Debug */ = {
			isa = XCBuildConfiguration;
			buildSettings = {
				BUNDLE_LOADER = "$(TEST_HOST)";
				INFOPLIST_FILE = "OpenGLES 3.4多重纹理Tests/Info.plist";
				LD_RUNPATH_SEARCH_PATHS = "$(inherited) @executable_path/Frameworks @loader_path/Frameworks";
				PRODUCT_BUNDLE_IDENTIFIER = "com.ShiWenChen.com.OpenGLES-3-4----Tests";
				PRODUCT_NAME = "$(TARGET_NAME)";
				TEST_HOST = "$(BUILT_PRODUCTS_DIR)/OpenGLES 3.4多重纹理.app/OpenGLES 3.4多重纹理";
			};
			name = Debug;
		};
		83DD05011EC5573E00C63378 /* Release */ = {
			isa = XCBuildConfiguration;
			buildSettings = {
				BUNDLE_LOADER = "$(TEST_HOST)";
				INFOPLIST_FILE = "OpenGLES 3.4多重纹理Tests/Info.plist";
				LD_RUNPATH_SEARCH_PATHS = "$(inherited) @executable_path/Frameworks @loader_path/Frameworks";
				PRODUCT_BUNDLE_IDENTIFIER = "com.ShiWenChen.com.OpenGLES-3-4----Tests";
				PRODUCT_NAME = "$(TARGET_NAME)";
				TEST_HOST = "$(BUILT_PRODUCTS_DIR)/OpenGLES 3.4多重纹理.app/OpenGLES 3.4多重纹理";
			};
			name = Release;
		};
		83DD05031EC5573E00C63378 /* Debug */ = {
			isa = XCBuildConfiguration;
			buildSettings = {
				INFOPLIST_FILE = "OpenGLES 3.4多重纹理UITests/Info.plist";
				LD_RUNPATH_SEARCH_PATHS = "$(inherited) @executable_path/Frameworks @loader_path/Frameworks";
				PRODUCT_BUNDLE_IDENTIFIER = "com.ShiWenChen.com.OpenGLES-3-4----UITests";
				PRODUCT_NAME = "$(TARGET_NAME)";
				TEST_TARGET_NAME = "OpenGLES 3.4多重纹理";
			};
			name = Debug;
		};
		83DD05041EC5573E00C63378 /* Release */ = {
			isa = XCBuildConfiguration;
			buildSettings = {
				INFOPLIST_FILE = "OpenGLES 3.4多重纹理UITests/Info.plist";
				LD_RUNPATH_SEARCH_PATHS = "$(inherited) @executable_path/Frameworks @loader_path/Frameworks";
				PRODUCT_BUNDLE_IDENTIFIER = "com.ShiWenChen.com.OpenGLES-3-4----UITests";
				PRODUCT_NAME = "$(TARGET_NAME)";
				TEST_TARGET_NAME = "OpenGLES 3.4多重纹理";
			};
			name = Release;
		};
/* End XCBuildConfiguration section */

/* Begin XCConfigurationList section */
		83DD04CA1EC5573E00C63378 /* Build configuration list for PBXProject "OpenGLES 3.4多重纹理" */ = {
			isa = XCConfigurationList;
			buildConfigurations = (
				83DD04FA1EC5573E00C63378 /* Debug */,
				83DD04FB1EC5573E00C63378 /* Release */,
			);
			defaultConfigurationIsVisible = 0;
			defaultConfigurationName = Release;
		};
		83DD04FC1EC5573E00C63378 /* Build configuration list for PBXNativeTarget "OpenGLES 3.4多重纹理" */ = {
			isa = XCConfigurationList;
			buildConfigurations = (
				83DD04FD1EC5573E00C63378 /* Debug */,
				83DD04FE1EC5573E00C63378 /* Release */,
			);
			defaultConfigurationIsVisible = 0;
		};
		83DD04FF1EC5573E00C63378 /* Build configuration list for PBXNativeTarget "OpenGLES 3.4多重纹理Tests" */ = {
			isa = XCConfigurationList;
			buildConfigurations = (
				83DD05001EC5573E00C63378 /* Debug */,
				83DD05011EC5573E00C63378 /* Release */,
			);
			defaultConfigurationIsVisible = 0;
		};
		83DD05021EC5573E00C63378 /* Build configuration list for PBXNativeTarget "OpenGLES 3.4多重纹理UITests" */ = {
			isa = XCConfigurationList;
			buildConfigurations = (
				83DD05031EC5573E00C63378 /* Debug */,
				83DD05041EC5573E00C63378 /* Release */,
			);
			defaultConfigurationIsVisible = 0;
		};
/* End XCConfigurationList section */
	};
	rootObject = 83DD04C71EC5573E00C63378 /* Project object */;
}
